
Microsoft Visual Studio Solution File, Format Version 12.00
# Visual Studio 15
VisualStudioVersion = 15.0.28307.489
MinimumVisualStudioVersion = 10.0.40219.1
Project("{8BC9CEB8-8B4A-11D0-8D11-00A0C91BC942}") = "Project1", "C:\Users\kulinich\Downloads\DZ_20_05_19_1558350003 (1)\LAB_20_05_19\Project1\Project1.vcxproj", "{ED24857C-D976-441B-80FF-DCA8A3BD5669}"
EndProject
Global
	GlobalSection(SolutionConfigurationPlatforms) = preSolution
		Debug|x64 = Debug|x64
		Debug|x86 = Debug|x86
		Release|x64 = Release|x64
		Release|x86 = Release|x86
	EndGlobalSection
	GlobalSection(ProjectConfigurationPlatforms) = postSolution
		{ED24857C-D976-441B-80FF-DCA8A3BD5669}.Debug|x64.ActiveCfg = Debug|x64
		{ED24857C-D976-441B-80FF-DCA8A3BD5669}.Debug|x64.Build.0 = Debug|x64
		{ED24857C-D976-441B-80FF-DCA8A3BD5669}.Debug|x86.ActiveCfg = Debug|Win32
		{ED24857C-D976-441B-80FF-DCA8A3BD5669}.Debug|x86.Build.0 = Debug|Win32
		{ED24857C-D976-441B-80FF-DCA8A3BD5669}.Release|x64.ActiveCfg = Release|x64
		{ED24857C-D976-441B-80FF-DCA8A3BD5669}.Release|x64.Build.0 = Release|x64
		{ED24857C-D976-441B-80FF-DCA8A3BD5669}.Release|x86.ActiveCfg = Release|Win32
		{ED24857C-D976-441B-80FF-DCA8A3BD5669}.Release|x86.Build.0 = Release|Win32
	EndGlobalSection
	GlobalSection(SolutionProperties) = preSolution
		HideSolutionNode = FALSE
	EndGlobalSection
	GlobalSection(ExtensibilityGlobals) = postSolution
		SolutionGuid = {1784A11E-419A-4DED-BDB4-B07B6E532C5B}
	EndGlobalSection
EndGlobal
