
Microsoft Visual Studio Solution File, Format Version 12.00
# Visual Studio 15
VisualStudioVersion = 15.0.28307.489
MinimumVisualStudioVersion = 10.0.40219.1
Project("{8BC9CEB8-8B4A-11D0-8D11-00A0C91BC942}") = "Variant 6", "Variant 6\Variant 6.vcxproj", "{44E828CB-348C-4F24-924D-7BC5105A21CB}"
EndProject
Global
	GlobalSection(SolutionConfigurationPlatforms) = preSolution
		Debug|x64 = Debug|x64
		Debug|x86 = Debug|x86
		Release|x64 = Release|x64
		Release|x86 = Release|x86
	EndGlobalSection
	GlobalSection(ProjectConfigurationPlatforms) = postSolution
		{44E828CB-348C-4F24-924D-7BC5105A21CB}.Debug|x64.ActiveCfg = Debug|x64
		{44E828CB-348C-4F24-924D-7BC5105A21CB}.Debug|x64.Build.0 = Debug|x64
		{44E828CB-348C-4F24-924D-7BC5105A21CB}.Debug|x86.ActiveCfg = Debug|Win32
		{44E828CB-348C-4F24-924D-7BC5105A21CB}.Debug|x86.Build.0 = Debug|Win32
		{44E828CB-348C-4F24-924D-7BC5105A21CB}.Release|x64.ActiveCfg = Release|x64
		{44E828CB-348C-4F24-924D-7BC5105A21CB}.Release|x64.Build.0 = Release|x64
		{44E828CB-348C-4F24-924D-7BC5105A21CB}.Release|x86.ActiveCfg = Release|Win32
		{44E828CB-348C-4F24-924D-7BC5105A21CB}.Release|x86.Build.0 = Release|Win32
	EndGlobalSection
	GlobalSection(SolutionProperties) = preSolution
		HideSolutionNode = FALSE
	EndGlobalSection
	GlobalSection(ExtensibilityGlobals) = postSolution
		SolutionGuid = {F8C3EA16-1A96-4041-ADB6-C2A4D8FC51B8}
	EndGlobalSection
EndGlobal
