
Microsoft Visual Studio Solution File, Format Version 12.00
# Visual Studio 15
VisualStudioVersion = 15.0.28307.489
MinimumVisualStudioVersion = 10.0.40219.1
Project("{8BC9CEB8-8B4A-11D0-8D11-00A0C91BC942}") = "19.06.2019 list2", "19.06.2019 list2\19.06.2019 list2.vcxproj", "{D1A18F48-C8ED-410C-A757-B0FD355D85B7}"
EndProject
Global
	GlobalSection(SolutionConfigurationPlatforms) = preSolution
		Debug|x64 = Debug|x64
		Debug|x86 = Debug|x86
		Release|x64 = Release|x64
		Release|x86 = Release|x86
	EndGlobalSection
	GlobalSection(ProjectConfigurationPlatforms) = postSolution
		{D1A18F48-C8ED-410C-A757-B0FD355D85B7}.Debug|x64.ActiveCfg = Debug|x64
		{D1A18F48-C8ED-410C-A757-B0FD355D85B7}.Debug|x64.Build.0 = Debug|x64
		{D1A18F48-C8ED-410C-A757-B0FD355D85B7}.Debug|x86.ActiveCfg = Debug|Win32
		{D1A18F48-C8ED-410C-A757-B0FD355D85B7}.Debug|x86.Build.0 = Debug|Win32
		{D1A18F48-C8ED-410C-A757-B0FD355D85B7}.Release|x64.ActiveCfg = Release|x64
		{D1A18F48-C8ED-410C-A757-B0FD355D85B7}.Release|x64.Build.0 = Release|x64
		{D1A18F48-C8ED-410C-A757-B0FD355D85B7}.Release|x86.ActiveCfg = Release|Win32
		{D1A18F48-C8ED-410C-A757-B0FD355D85B7}.Release|x86.Build.0 = Release|Win32
	EndGlobalSection
	GlobalSection(SolutionProperties) = preSolution
		HideSolutionNode = FALSE
	EndGlobalSection
	GlobalSection(ExtensibilityGlobals) = postSolution
		SolutionGuid = {29FFCE6F-9785-4164-BD0A-936A8E056B39}
	EndGlobalSection
EndGlobal
